# This file is automatically @generated by Cargo.
# It is not intended for manual editing.
version = 3

[[package]]
name = "pb-atomic-hash-map"
version = "0.1.0"
dependencies = [
 "pb-atomic-linked-list",
]

[[package]]
name = "pb-atomic-linked-list"
version = "0.1.5"
source = "registry+https://github.com/rust-lang/crates.io-index"
checksum = "bde9a220afdf4b8d4a7d13d471c7affd4e401f11dc418a3acc87c177080d8650"
