# This file is automatically @generated by Cargo.
# It is not intended for manual editing.
version = 3

[[package]]
name = "pb-atomic-hash-map"
version = "0.1.0"
dependencies = [
 "pb-atomic-linked-list",
]

[[package]]
name = "pb-atomic-linked-list"
version = "0.1.3"
source = "registry+https://github.com/rust-lang/crates.io-index"
checksum = "7b50cc362c2084049985e896adf852e2a5e759406be7f34315536455d3f4876f"
