# This file is automatically @generated by Cargo.
# It is not intended for manual editing.
version = 3

[[package]]
name = "pb-atomic-hash-map"
version = "0.1.0"
dependencies = [
 "pb-atomic-linked-list",
]

[[package]]
name = "pb-atomic-linked-list"
version = "0.1.4"
source = "registry+https://github.com/rust-lang/crates.io-index"
checksum = "9a8bd5136e2eb1f406df4b51e34547bc0f57b1f9b55d1afd10d3ea8f4885da13"
